
Microsoft Visual Studio Solution File, Format Version 12.00
# Visual Studio Version 17
VisualStudioVersion = 17.3.32819.101
MinimumVisualStudioVersion = 10.0.40219.1
Project("{2150E333-8FDC-42A3-9474-1A3956D46DE8}") = "src", "src", "{E8620ACC-318D-4407-937A-B9487493C3F7}"
EndProject
Project("{2150E333-8FDC-42A3-9474-1A3956D46DE8}") = "Products", "Products", "{0E5745F3-E833-4F81-B2E9-1FCF2B70CFF3}"
EndProject
Project("{2150E333-8FDC-42A3-9474-1A3956D46DE8}") = "Products.API", "Products.API", "{8053A1AC-AB74-4314-9CBF-514CD6F2F0BD}"
EndProject
Project("{2150E333-8FDC-42A3-9474-1A3956D46DE8}") = "Products.Tests", "Products.Tests", "{8944B2F8-9815-45F5-811A-0800523B3ABA}"
EndProject
Project("{9A19103F-16F7-4668-BE54-9A1E7A4F7556}") = "Products.API", "src\Products\Products.API\Products.API\Products.API.csproj", "{576531C8-13BD-4143-8CEC-B89FE5EE5ED7}"
EndProject
Project("{9A19103F-16F7-4668-BE54-9A1E7A4F7556}") = "Products.Infrastructure", "src\Products\Products.API\Product.Infrastructure\Products.Infrastructure.csproj", "{212A46FA-138E-4D83-BB95-4BCD5A94747C}"
EndProject
Project("{9A19103F-16F7-4668-BE54-9A1E7A4F7556}") = "Products.Application", "src\Products\Products.API\Products.Application\Products.Application.csproj", "{FB6A29CF-CD53-40A8-BE05-D762E1E5B20C}"
EndProject
Project("{9A19103F-16F7-4668-BE54-9A1E7A4F7556}") = "Products.Domain", "src\Products\Products.API\Products.Domain\Products.Domain.csproj", "{1DCB996C-FEBC-4D05-AD97-8C40A1BD205B}"
EndProject
Project("{2150E333-8FDC-42A3-9474-1A3956D46DE8}") = "Cart", "Cart", "{ED72E084-CA40-404D-A5AB-CF1BFCFF1112}"
EndProject
Project("{2150E333-8FDC-42A3-9474-1A3956D46DE8}") = "Cart.API", "Cart.API", "{78D86FE3-6A8B-4E69-8558-6A57F5BC038E}"
EndProject
Project("{2150E333-8FDC-42A3-9474-1A3956D46DE8}") = "Cart.Tests", "Cart.Tests", "{6FA4EC9A-40E6-45E9-855D-420407AC63A0}"
EndProject
Project("{2150E333-8FDC-42A3-9474-1A3956D46DE8}") = "Cart.API", "Cart.API", "{645CB8EF-4844-40DF-99CF-148AD6A9636D}"
EndProject
Project("{2150E333-8FDC-42A3-9474-1A3956D46DE8}") = "Cart.Domain", "Cart.Domain", "{C30E06EF-89D8-4BC8-9D1D-C6DF9C2243DA}"
EndProject
Project("{2150E333-8FDC-42A3-9474-1A3956D46DE8}") = "Cart.Infrastructure", "Cart.Infrastructure", "{E1D04A85-A03C-4583-BB77-9337C1D97BBA}"
EndProject
Project("{2150E333-8FDC-42A3-9474-1A3956D46DE8}") = "Cart.Application", "Cart.Application", "{5BBA455F-3C7E-422E-B07F-7F1F0F319688}"
EndProject
Project("{9A19103F-16F7-4668-BE54-9A1E7A4F7556}") = "Cart.Application", "src\Cart\Cart.API\Cart.Application\Cart.Application.csproj", "{C3F8D896-BED4-4DFC-9157-06DDE8B1B189}"
EndProject
Project("{9A19103F-16F7-4668-BE54-9A1E7A4F7556}") = "Cart.API", "src\Cart\Cart.API\Cart.API\Cart.API.csproj", "{93369775-B9F0-4163-8DC8-36D7A6220D71}"
EndProject
Project("{9A19103F-16F7-4668-BE54-9A1E7A4F7556}") = "Cart.Domain", "src\Cart\Cart.API\Cart.Domain\Cart.Domain.csproj", "{9311A892-99B4-487E-ABCA-29CAC0A47D3C}"
EndProject
Project("{9A19103F-16F7-4668-BE54-9A1E7A4F7556}") = "Cart.Infrastructure", "src\Cart\Cart.API\Cart.Infrastructure\Cart.Infrastructure.csproj", "{BB7EA970-1418-4753-9602-AEE999D97F73}"
EndProject
Project("{2150E333-8FDC-42A3-9474-1A3956D46DE8}") = "Customers", "Customers", "{4A4FFDDB-FCCB-4DF1-BD3A-6D2440AE5725}"
EndProject
Project("{2150E333-8FDC-42A3-9474-1A3956D46DE8}") = "Customers.API", "Customers.API", "{B5054E01-AF1E-4BF1-83B9-5E33C2A85C78}"
EndProject
Project("{2150E333-8FDC-42A3-9474-1A3956D46DE8}") = "Customers.Tests", "Customers.Tests", "{1E532432-96E7-4416-991A-91A7E0EB24BA}"
EndProject
Project("{2150E333-8FDC-42A3-9474-1A3956D46DE8}") = "Customers.API", "Customers.API", "{1FF16DFD-DEA5-45F0-B3F1-B6154C372086}"
EndProject
Project("{2150E333-8FDC-42A3-9474-1A3956D46DE8}") = "Customers.Infrastructure", "Customers.Infrastructure", "{3CFF7911-930F-4787-BF0C-1FFBF5A0C3F5}"
EndProject
Project("{2150E333-8FDC-42A3-9474-1A3956D46DE8}") = "Customers.Domain", "Customers.Domain", "{4E12BF7F-B49C-4E0E-AAE3-EAACA23DEF1B}"
EndProject
Project("{2150E333-8FDC-42A3-9474-1A3956D46DE8}") = "Customers.Application", "Customers.Application", "{0158DB66-C854-44AC-B156-283E2FC060EC}"
EndProject
Project("{9A19103F-16F7-4668-BE54-9A1E7A4F7556}") = "Customers.API", "src\Customers\Customers.API\Customers.API\Customers.API.csproj", "{951B351D-FA27-4DF1-A6D1-1BB32BB0A098}"
EndProject
Project("{9A19103F-16F7-4668-BE54-9A1E7A4F7556}") = "Customers.Application", "src\Customers\Customers.API\Customers.Application\Customers.Application.csproj", "{D1EF3E7C-6DB4-4E8E-AB70-89869464EC87}"
EndProject
Project("{9A19103F-16F7-4668-BE54-9A1E7A4F7556}") = "Customers.Infrastructure", "src\Customers\Customers.API\Customers.Infrastructure\Customers.Infrastructure.csproj", "{C3BDF742-6AD6-4DED-A573-1DAC5428D7A1}"
EndProject
Project("{9A19103F-16F7-4668-BE54-9A1E7A4F7556}") = "Customers.Domain", "src\Customers\Customers.API\Customers.Domain\Customers.Domain.csproj", "{7BD9A6DE-B2ED-49ED-A29A-34946DC90E05}"
EndProject
Project("{2150E333-8FDC-42A3-9474-1A3956D46DE8}") = "Gateway", "Gateway", "{C19F6754-D042-43A7-A20F-D3E44120D7FC}"
EndProject
Project("{2150E333-8FDC-42A3-9474-1A3956D46DE8}") = "Gateway.API", "Gateway.API", "{9A71099C-3EE1-46EA-B1C8-57A117A9AD5F}"
EndProject
Project("{2150E333-8FDC-42A3-9474-1A3956D46DE8}") = "Gateway.Tests", "Gateway.Tests", "{BDBF2C6B-C09F-487C-B241-060483C39F6C}"
EndProject
Project("{FAE04EC0-301F-11D3-BF4B-00C04F79EFBC}") = "Gateway.API", "src\Gateway\Gateway.API\Gateway.API\Gateway.API.csproj", "{C9087BC5-D546-4BAE-9AD5-8BA8D5331B8C}"
EndProject
Project("{2150E333-8FDC-42A3-9474-1A3956D46DE8}") = "Gateway.API", "Gateway.API", "{CA367BAB-B0E8-48E8-B298-7C471486C299}"
EndProject
Project("{2150E333-8FDC-42A3-9474-1A3956D46DE8}") = "Gateway.Domain", "Gateway.Domain", "{1B2CF486-9E37-4849-B6E8-0508184E5218}"
EndProject
Project("{9A19103F-16F7-4668-BE54-9A1E7A4F7556}") = "Gateway.Domain", "src\Gateway\Gateway.API\Gateway.Domain\Gateway.Domain.csproj", "{0843DD85-38B4-45E2-8993-B406793CFC9D}"
EndProject
Project("{2150E333-8FDC-42A3-9474-1A3956D46DE8}") = "Gateway.Infrastructure", "Gateway.Infrastructure", "{95D4EFED-931D-4CBE-8647-F9CECAC316D9}"
EndProject
Project("{9A19103F-16F7-4668-BE54-9A1E7A4F7556}") = "Gateway.Infrastructure", "src\Gateway\Gateway.API\Gateway.Infrastructure\Gateway.Infrastructure.csproj", "{44E24DD5-7261-4A01-98ED-249F587DC6A8}"
EndProject
Project("{2150E333-8FDC-42A3-9474-1A3956D46DE8}") = "Gateway.Application", "Gateway.Application", "{A41440A6-C242-4DD1-9EB7-AF73DB8C0065}"
EndProject
Project("{9A19103F-16F7-4668-BE54-9A1E7A4F7556}") = "Gateway.Application", "src\Gateway\Gateway.API\Gateway.Application\Gateway.Application.csproj", "{2F94DCC2-84B1-4CE2-943C-EA6C3301EECA}"
EndProject
Global
	GlobalSection(SolutionConfigurationPlatforms) = preSolution
		Debug|Any CPU = Debug|Any CPU
		Release|Any CPU = Release|Any CPU
	EndGlobalSection
	GlobalSection(ProjectConfigurationPlatforms) = postSolution
		{576531C8-13BD-4143-8CEC-B89FE5EE5ED7}.Debug|Any CPU.ActiveCfg = Debug|Any CPU
		{576531C8-13BD-4143-8CEC-B89FE5EE5ED7}.Debug|Any CPU.Build.0 = Debug|Any CPU
		{576531C8-13BD-4143-8CEC-B89FE5EE5ED7}.Release|Any CPU.ActiveCfg = Release|Any CPU
		{576531C8-13BD-4143-8CEC-B89FE5EE5ED7}.Release|Any CPU.Build.0 = Release|Any CPU
		{212A46FA-138E-4D83-BB95-4BCD5A94747C}.Debug|Any CPU.ActiveCfg = Debug|Any CPU
		{212A46FA-138E-4D83-BB95-4BCD5A94747C}.Debug|Any CPU.Build.0 = Debug|Any CPU
		{212A46FA-138E-4D83-BB95-4BCD5A94747C}.Release|Any CPU.ActiveCfg = Release|Any CPU
		{212A46FA-138E-4D83-BB95-4BCD5A94747C}.Release|Any CPU.Build.0 = Release|Any CPU
		{FB6A29CF-CD53-40A8-BE05-D762E1E5B20C}.Debug|Any CPU.ActiveCfg = Debug|Any CPU
		{FB6A29CF-CD53-40A8-BE05-D762E1E5B20C}.Debug|Any CPU.Build.0 = Debug|Any CPU
		{FB6A29CF-CD53-40A8-BE05-D762E1E5B20C}.Release|Any CPU.ActiveCfg = Release|Any CPU
		{FB6A29CF-CD53-40A8-BE05-D762E1E5B20C}.Release|Any CPU.Build.0 = Release|Any CPU
		{1DCB996C-FEBC-4D05-AD97-8C40A1BD205B}.Debug|Any CPU.ActiveCfg = Debug|Any CPU
		{1DCB996C-FEBC-4D05-AD97-8C40A1BD205B}.Debug|Any CPU.Build.0 = Debug|Any CPU
		{1DCB996C-FEBC-4D05-AD97-8C40A1BD205B}.Release|Any CPU.ActiveCfg = Release|Any CPU
		{1DCB996C-FEBC-4D05-AD97-8C40A1BD205B}.Release|Any CPU.Build.0 = Release|Any CPU
		{C3F8D896-BED4-4DFC-9157-06DDE8B1B189}.Debug|Any CPU.ActiveCfg = Debug|Any CPU
		{C3F8D896-BED4-4DFC-9157-06DDE8B1B189}.Debug|Any CPU.Build.0 = Debug|Any CPU
		{C3F8D896-BED4-4DFC-9157-06DDE8B1B189}.Release|Any CPU.ActiveCfg = Release|Any CPU
		{C3F8D896-BED4-4DFC-9157-06DDE8B1B189}.Release|Any CPU.Build.0 = Release|Any CPU
		{93369775-B9F0-4163-8DC8-36D7A6220D71}.Debug|Any CPU.ActiveCfg = Debug|Any CPU
		{93369775-B9F0-4163-8DC8-36D7A6220D71}.Debug|Any CPU.Build.0 = Debug|Any CPU
		{93369775-B9F0-4163-8DC8-36D7A6220D71}.Release|Any CPU.ActiveCfg = Release|Any CPU
		{93369775-B9F0-4163-8DC8-36D7A6220D71}.Release|Any CPU.Build.0 = Release|Any CPU
		{9311A892-99B4-487E-ABCA-29CAC0A47D3C}.Debug|Any CPU.ActiveCfg = Debug|Any CPU
		{9311A892-99B4-487E-ABCA-29CAC0A47D3C}.Debug|Any CPU.Build.0 = Debug|Any CPU
		{9311A892-99B4-487E-ABCA-29CAC0A47D3C}.Release|Any CPU.ActiveCfg = Release|Any CPU
		{9311A892-99B4-487E-ABCA-29CAC0A47D3C}.Release|Any CPU.Build.0 = Release|Any CPU
		{BB7EA970-1418-4753-9602-AEE999D97F73}.Debug|Any CPU.ActiveCfg = Debug|Any CPU
		{BB7EA970-1418-4753-9602-AEE999D97F73}.Debug|Any CPU.Build.0 = Debug|Any CPU
		{BB7EA970-1418-4753-9602-AEE999D97F73}.Release|Any CPU.ActiveCfg = Release|Any CPU
		{BB7EA970-1418-4753-9602-AEE999D97F73}.Release|Any CPU.Build.0 = Release|Any CPU
		{951B351D-FA27-4DF1-A6D1-1BB32BB0A098}.Debug|Any CPU.ActiveCfg = Debug|Any CPU
		{951B351D-FA27-4DF1-A6D1-1BB32BB0A098}.Debug|Any CPU.Build.0 = Debug|Any CPU
		{951B351D-FA27-4DF1-A6D1-1BB32BB0A098}.Release|Any CPU.ActiveCfg = Release|Any CPU
		{951B351D-FA27-4DF1-A6D1-1BB32BB0A098}.Release|Any CPU.Build.0 = Release|Any CPU
		{D1EF3E7C-6DB4-4E8E-AB70-89869464EC87}.Debug|Any CPU.ActiveCfg = Debug|Any CPU
		{D1EF3E7C-6DB4-4E8E-AB70-89869464EC87}.Debug|Any CPU.Build.0 = Debug|Any CPU
		{D1EF3E7C-6DB4-4E8E-AB70-89869464EC87}.Release|Any CPU.ActiveCfg = Release|Any CPU
		{D1EF3E7C-6DB4-4E8E-AB70-89869464EC87}.Release|Any CPU.Build.0 = Release|Any CPU
		{C3BDF742-6AD6-4DED-A573-1DAC5428D7A1}.Debug|Any CPU.ActiveCfg = Debug|Any CPU
		{C3BDF742-6AD6-4DED-A573-1DAC5428D7A1}.Debug|Any CPU.Build.0 = Debug|Any CPU
		{C3BDF742-6AD6-4DED-A573-1DAC5428D7A1}.Release|Any CPU.ActiveCfg = Release|Any CPU
		{C3BDF742-6AD6-4DED-A573-1DAC5428D7A1}.Release|Any CPU.Build.0 = Release|Any CPU
		{7BD9A6DE-B2ED-49ED-A29A-34946DC90E05}.Debug|Any CPU.ActiveCfg = Debug|Any CPU
		{7BD9A6DE-B2ED-49ED-A29A-34946DC90E05}.Debug|Any CPU.Build.0 = Debug|Any CPU
		{7BD9A6DE-B2ED-49ED-A29A-34946DC90E05}.Release|Any CPU.ActiveCfg = Release|Any CPU
		{7BD9A6DE-B2ED-49ED-A29A-34946DC90E05}.Release|Any CPU.Build.0 = Release|Any CPU
		{C9087BC5-D546-4BAE-9AD5-8BA8D5331B8C}.Debug|Any CPU.ActiveCfg = Debug|Any CPU
		{C9087BC5-D546-4BAE-9AD5-8BA8D5331B8C}.Debug|Any CPU.Build.0 = Debug|Any CPU
		{C9087BC5-D546-4BAE-9AD5-8BA8D5331B8C}.Release|Any CPU.ActiveCfg = Release|Any CPU
		{C9087BC5-D546-4BAE-9AD5-8BA8D5331B8C}.Release|Any CPU.Build.0 = Release|Any CPU
		{0843DD85-38B4-45E2-8993-B406793CFC9D}.Debug|Any CPU.ActiveCfg = Debug|Any CPU
		{0843DD85-38B4-45E2-8993-B406793CFC9D}.Debug|Any CPU.Build.0 = Debug|Any CPU
		{0843DD85-38B4-45E2-8993-B406793CFC9D}.Release|Any CPU.ActiveCfg = Release|Any CPU
		{0843DD85-38B4-45E2-8993-B406793CFC9D}.Release|Any CPU.Build.0 = Release|Any CPU
		{44E24DD5-7261-4A01-98ED-249F587DC6A8}.Debug|Any CPU.ActiveCfg = Debug|Any CPU
		{44E24DD5-7261-4A01-98ED-249F587DC6A8}.Debug|Any CPU.Build.0 = Debug|Any CPU
		{44E24DD5-7261-4A01-98ED-249F587DC6A8}.Release|Any CPU.ActiveCfg = Release|Any CPU
		{44E24DD5-7261-4A01-98ED-249F587DC6A8}.Release|Any CPU.Build.0 = Release|Any CPU
		{2F94DCC2-84B1-4CE2-943C-EA6C3301EECA}.Debug|Any CPU.ActiveCfg = Debug|Any CPU
		{2F94DCC2-84B1-4CE2-943C-EA6C3301EECA}.Debug|Any CPU.Build.0 = Debug|Any CPU
		{2F94DCC2-84B1-4CE2-943C-EA6C3301EECA}.Release|Any CPU.ActiveCfg = Release|Any CPU
		{2F94DCC2-84B1-4CE2-943C-EA6C3301EECA}.Release|Any CPU.Build.0 = Release|Any CPU
	EndGlobalSection
	GlobalSection(SolutionProperties) = preSolution
		HideSolutionNode = FALSE
	EndGlobalSection
	GlobalSection(NestedProjects) = preSolution
		{0E5745F3-E833-4F81-B2E9-1FCF2B70CFF3} = {E8620ACC-318D-4407-937A-B9487493C3F7}
		{8053A1AC-AB74-4314-9CBF-514CD6F2F0BD} = {0E5745F3-E833-4F81-B2E9-1FCF2B70CFF3}
		{8944B2F8-9815-45F5-811A-0800523B3ABA} = {0E5745F3-E833-4F81-B2E9-1FCF2B70CFF3}
		{576531C8-13BD-4143-8CEC-B89FE5EE5ED7} = {8053A1AC-AB74-4314-9CBF-514CD6F2F0BD}
		{212A46FA-138E-4D83-BB95-4BCD5A94747C} = {8053A1AC-AB74-4314-9CBF-514CD6F2F0BD}
		{FB6A29CF-CD53-40A8-BE05-D762E1E5B20C} = {8053A1AC-AB74-4314-9CBF-514CD6F2F0BD}
		{1DCB996C-FEBC-4D05-AD97-8C40A1BD205B} = {8053A1AC-AB74-4314-9CBF-514CD6F2F0BD}
		{ED72E084-CA40-404D-A5AB-CF1BFCFF1112} = {E8620ACC-318D-4407-937A-B9487493C3F7}
		{78D86FE3-6A8B-4E69-8558-6A57F5BC038E} = {ED72E084-CA40-404D-A5AB-CF1BFCFF1112}
		{6FA4EC9A-40E6-45E9-855D-420407AC63A0} = {ED72E084-CA40-404D-A5AB-CF1BFCFF1112}
		{645CB8EF-4844-40DF-99CF-148AD6A9636D} = {78D86FE3-6A8B-4E69-8558-6A57F5BC038E}
		{C30E06EF-89D8-4BC8-9D1D-C6DF9C2243DA} = {78D86FE3-6A8B-4E69-8558-6A57F5BC038E}
		{E1D04A85-A03C-4583-BB77-9337C1D97BBA} = {78D86FE3-6A8B-4E69-8558-6A57F5BC038E}
		{5BBA455F-3C7E-422E-B07F-7F1F0F319688} = {78D86FE3-6A8B-4E69-8558-6A57F5BC038E}
		{C3F8D896-BED4-4DFC-9157-06DDE8B1B189} = {5BBA455F-3C7E-422E-B07F-7F1F0F319688}
		{93369775-B9F0-4163-8DC8-36D7A6220D71} = {645CB8EF-4844-40DF-99CF-148AD6A9636D}
		{9311A892-99B4-487E-ABCA-29CAC0A47D3C} = {C30E06EF-89D8-4BC8-9D1D-C6DF9C2243DA}
		{BB7EA970-1418-4753-9602-AEE999D97F73} = {E1D04A85-A03C-4583-BB77-9337C1D97BBA}
		{4A4FFDDB-FCCB-4DF1-BD3A-6D2440AE5725} = {E8620ACC-318D-4407-937A-B9487493C3F7}
		{B5054E01-AF1E-4BF1-83B9-5E33C2A85C78} = {4A4FFDDB-FCCB-4DF1-BD3A-6D2440AE5725}
		{1E532432-96E7-4416-991A-91A7E0EB24BA} = {4A4FFDDB-FCCB-4DF1-BD3A-6D2440AE5725}
		{1FF16DFD-DEA5-45F0-B3F1-B6154C372086} = {B5054E01-AF1E-4BF1-83B9-5E33C2A85C78}
		{3CFF7911-930F-4787-BF0C-1FFBF5A0C3F5} = {B5054E01-AF1E-4BF1-83B9-5E33C2A85C78}
		{4E12BF7F-B49C-4E0E-AAE3-EAACA23DEF1B} = {B5054E01-AF1E-4BF1-83B9-5E33C2A85C78}
		{0158DB66-C854-44AC-B156-283E2FC060EC} = {B5054E01-AF1E-4BF1-83B9-5E33C2A85C78}
		{951B351D-FA27-4DF1-A6D1-1BB32BB0A098} = {1FF16DFD-DEA5-45F0-B3F1-B6154C372086}
		{D1EF3E7C-6DB4-4E8E-AB70-89869464EC87} = {0158DB66-C854-44AC-B156-283E2FC060EC}
		{C3BDF742-6AD6-4DED-A573-1DAC5428D7A1} = {3CFF7911-930F-4787-BF0C-1FFBF5A0C3F5}
		{7BD9A6DE-B2ED-49ED-A29A-34946DC90E05} = {4E12BF7F-B49C-4E0E-AAE3-EAACA23DEF1B}
		{C19F6754-D042-43A7-A20F-D3E44120D7FC} = {E8620ACC-318D-4407-937A-B9487493C3F7}
		{9A71099C-3EE1-46EA-B1C8-57A117A9AD5F} = {C19F6754-D042-43A7-A20F-D3E44120D7FC}
		{BDBF2C6B-C09F-487C-B241-060483C39F6C} = {C19F6754-D042-43A7-A20F-D3E44120D7FC}
		{C9087BC5-D546-4BAE-9AD5-8BA8D5331B8C} = {CA367BAB-B0E8-48E8-B298-7C471486C299}
		{CA367BAB-B0E8-48E8-B298-7C471486C299} = {9A71099C-3EE1-46EA-B1C8-57A117A9AD5F}
		{1B2CF486-9E37-4849-B6E8-0508184E5218} = {9A71099C-3EE1-46EA-B1C8-57A117A9AD5F}
		{0843DD85-38B4-45E2-8993-B406793CFC9D} = {1B2CF486-9E37-4849-B6E8-0508184E5218}
		{95D4EFED-931D-4CBE-8647-F9CECAC316D9} = {9A71099C-3EE1-46EA-B1C8-57A117A9AD5F}
		{44E24DD5-7261-4A01-98ED-249F587DC6A8} = {95D4EFED-931D-4CBE-8647-F9CECAC316D9}
		{A41440A6-C242-4DD1-9EB7-AF73DB8C0065} = {9A71099C-3EE1-46EA-B1C8-57A117A9AD5F}
		{2F94DCC2-84B1-4CE2-943C-EA6C3301EECA} = {A41440A6-C242-4DD1-9EB7-AF73DB8C0065}
	EndGlobalSection
	GlobalSection(ExtensibilityGlobals) = postSolution
		SolutionGuid = {589FA458-25E4-40A4-B33F-AA10884CBA29}
	EndGlobalSection
EndGlobal
