
Microsoft Visual Studio Solution File, Format Version 12.00
# Visual Studio Version 17
VisualStudioVersion = 17.3.32819.101
MinimumVisualStudioVersion = 10.0.40219.1
Project("{2150E333-8FDC-42A3-9474-1A3956D46DE8}") = "src", "src", "{E8620ACC-318D-4407-937A-B9487493C3F7}"
EndProject
Project("{2150E333-8FDC-42A3-9474-1A3956D46DE8}") = "Products", "Products", "{0E5745F3-E833-4F81-B2E9-1FCF2B70CFF3}"
EndProject
Project("{9A19103F-16F7-4668-BE54-9A1E7A4F7556}") = "Products.API", "src\Products\Products.API\Products.API.csproj", "{576531C8-13BD-4143-8CEC-B89FE5EE5ED7}"
EndProject
Project("{9A19103F-16F7-4668-BE54-9A1E7A4F7556}") = "Products.Infrastructure", "src\Products\Product.Infrastructure\Products.Infrastructure.csproj", "{212A46FA-138E-4D83-BB95-4BCD5A94747C}"
EndProject
Project("{9A19103F-16F7-4668-BE54-9A1E7A4F7556}") = "Products.Application", "src\Products\Products.Application\Products.Application.csproj", "{FB6A29CF-CD53-40A8-BE05-D762E1E5B20C}"
EndProject
Project("{9A19103F-16F7-4668-BE54-9A1E7A4F7556}") = "Products.Domain", "src\Products\Products.Domain\Products.Domain.csproj", "{1DCB996C-FEBC-4D05-AD97-8C40A1BD205B}"
EndProject
Project("{2150E333-8FDC-42A3-9474-1A3956D46DE8}") = "Cart", "Cart", "{ED72E084-CA40-404D-A5AB-CF1BFCFF1112}"
EndProject
Project("{9A19103F-16F7-4668-BE54-9A1E7A4F7556}") = "Cart.Application", "src\Cart\Cart.Application\Cart.Application.csproj", "{C3F8D896-BED4-4DFC-9157-06DDE8B1B189}"
EndProject
Project("{9A19103F-16F7-4668-BE54-9A1E7A4F7556}") = "Cart.API", "src\Cart\Cart.API\Cart.API.csproj", "{93369775-B9F0-4163-8DC8-36D7A6220D71}"
EndProject
Project("{9A19103F-16F7-4668-BE54-9A1E7A4F7556}") = "Cart.Domain", "src\Cart\Cart.Domain\Cart.Domain.csproj", "{9311A892-99B4-487E-ABCA-29CAC0A47D3C}"
EndProject
Project("{9A19103F-16F7-4668-BE54-9A1E7A4F7556}") = "Cart.Infrastructure", "src\Cart\Cart.Infrastructure\Cart.Infrastructure.csproj", "{BB7EA970-1418-4753-9602-AEE999D97F73}"
EndProject
Project("{2150E333-8FDC-42A3-9474-1A3956D46DE8}") = "Customers", "Customers", "{4A4FFDDB-FCCB-4DF1-BD3A-6D2440AE5725}"
EndProject
Project("{9A19103F-16F7-4668-BE54-9A1E7A4F7556}") = "Customers.API", "src\Customers\Customers.API\Customers.API.csproj", "{951B351D-FA27-4DF1-A6D1-1BB32BB0A098}"
EndProject
Project("{9A19103F-16F7-4668-BE54-9A1E7A4F7556}") = "Customers.Application", "src\Customers\Customers.Application\Customers.Application.csproj", "{D1EF3E7C-6DB4-4E8E-AB70-89869464EC87}"
EndProject
Project("{9A19103F-16F7-4668-BE54-9A1E7A4F7556}") = "Customers.Infrastructure", "src\Customers\Customers.Infrastructure\Customers.Infrastructure.csproj", "{C3BDF742-6AD6-4DED-A573-1DAC5428D7A1}"
EndProject
Project("{9A19103F-16F7-4668-BE54-9A1E7A4F7556}") = "Customers.Domain", "src\Customers\Customers.Domain\Customers.Domain.csproj", "{7BD9A6DE-B2ED-49ED-A29A-34946DC90E05}"
EndProject
Project("{2150E333-8FDC-42A3-9474-1A3956D46DE8}") = "Gateway", "Gateway", "{C19F6754-D042-43A7-A20F-D3E44120D7FC}"
EndProject
Project("{9A19103F-16F7-4668-BE54-9A1E7A4F7556}") = "Gateway.API", "src\Gateway\Gateway.API\Gateway.API.csproj", "{C9087BC5-D546-4BAE-9AD5-8BA8D5331B8C}"
EndProject
Project("{2150E333-8FDC-42A3-9474-1A3956D46DE8}") = "tests", "tests", "{CF7FBA84-EEF6-4467-8461-02AC5056255C}"
EndProject
Project("{E53339B2-1760-4266-BCC7-CA923CBCF16C}") = "docker-compose", "docker-compose.dcproj", "{00E59363-DF46-4E2C-8C38-09F7BC911677}"
EndProject
Project("{2150E333-8FDC-42A3-9474-1A3956D46DE8}") = "Order", "Order", "{95F7BACB-6AC7-4B05-942C-0CF458A1D320}"
EndProject
Project("{9A19103F-16F7-4668-BE54-9A1E7A4F7556}") = "Order.Domain", "src\Order\Order.Domain\Order.Domain.csproj", "{579A8D3E-2947-40B3-B210-763800A91B88}"
EndProject
Project("{9A19103F-16F7-4668-BE54-9A1E7A4F7556}") = "Order.Application", "src\Order\Order.Application\Order.Application.csproj", "{CCBA19F4-1C88-49E9-85CF-867F33E03EEB}"
EndProject
Project("{9A19103F-16F7-4668-BE54-9A1E7A4F7556}") = "Order.Infrastructure", "src\Order\Order.Infrastructure\Order.Infrastructure.csproj", "{A6D9B1E2-10D3-4C1C-BD9F-4BB8919BDD2E}"
EndProject
Project("{9A19103F-16F7-4668-BE54-9A1E7A4F7556}") = "Order.API", "src\Order\Order.API\Order.API.csproj", "{CB84B45D-7EB2-4AFD-A247-069E9D0CFDE8}"
EndProject
Project("{2150E333-8FDC-42A3-9474-1A3956D46DE8}") = "Payments", "Payments", "{F0608462-F62A-48E6-982F-E336DE3F427B}"
EndProject
Project("{9A19103F-16F7-4668-BE54-9A1E7A4F7556}") = "Payments.API", "src\Payments\Payments.API\Payments.API.csproj", "{3DFE71CD-87A0-45C6-8EFC-681EE376E367}"
EndProject
Project("{9A19103F-16F7-4668-BE54-9A1E7A4F7556}") = "Payments.Application", "src\Payments\Payments.Application\Payments.Application.csproj", "{CFDA9D26-449D-40DF-81CD-FFEA0862CB7D}"
EndProject
Project("{9A19103F-16F7-4668-BE54-9A1E7A4F7556}") = "Payments.Domain", "src\Payments\Payments.Domain\Payments.Domain.csproj", "{8289BC8D-FC2A-41CE-A726-CDD4B367D898}"
EndProject
Project("{9A19103F-16F7-4668-BE54-9A1E7A4F7556}") = "Payments.Infrastructure", "src\Payments\Payments.Infrastructure\Payments.Infrastructure.csproj", "{2914AE80-8184-4DCF-8933-68EBA0293125}"
EndProject
Project("{9A19103F-16F7-4668-BE54-9A1E7A4F7556}") = "Gateway.Application", "src\Gateway\Gateway.Application\Gateway.Application.csproj", "{F408AD68-4B22-46B1-A8AE-62C7A48DD24D}"
EndProject
Project("{9A19103F-16F7-4668-BE54-9A1E7A4F7556}") = "Gateway.Infrastructure", "src\Gateway\Gateway.Infrastructure\Gateway.Infrastructure.csproj", "{967E95CF-A05B-4014-B2FC-C3A4D928DB52}"
EndProject
Project("{2150E333-8FDC-42A3-9474-1A3956D46DE8}") = "IntegrationEvents", "IntegrationEvents", "{21DE1370-CA7C-4AAF-9854-71BF19DA0AB0}"
EndProject
Project("{9A19103F-16F7-4668-BE54-9A1E7A4F7556}") = "IntegrationEvents", "..\IntegrationEvents\IntegrationEvents.csproj", "{6504DEE0-0B5E-4C32-8486-99AF5C787395}"
EndProject
Project("{9A19103F-16F7-4668-BE54-9A1E7A4F7556}") = "Gateway.Domain", "src\Gateway\Gateway.Domain\Gateway.Domain.csproj", "{87AA99D7-5127-49FC-BF39-4D0AC41F94B0}"
EndProject
Global
	GlobalSection(SolutionConfigurationPlatforms) = preSolution
		Debug|Any CPU = Debug|Any CPU
		Release|Any CPU = Release|Any CPU
	EndGlobalSection
	GlobalSection(ProjectConfigurationPlatforms) = postSolution
		{576531C8-13BD-4143-8CEC-B89FE5EE5ED7}.Debug|Any CPU.ActiveCfg = Debug|Any CPU
		{576531C8-13BD-4143-8CEC-B89FE5EE5ED7}.Debug|Any CPU.Build.0 = Debug|Any CPU
		{576531C8-13BD-4143-8CEC-B89FE5EE5ED7}.Release|Any CPU.ActiveCfg = Release|Any CPU
		{576531C8-13BD-4143-8CEC-B89FE5EE5ED7}.Release|Any CPU.Build.0 = Release|Any CPU
		{212A46FA-138E-4D83-BB95-4BCD5A94747C}.Debug|Any CPU.ActiveCfg = Debug|Any CPU
		{212A46FA-138E-4D83-BB95-4BCD5A94747C}.Debug|Any CPU.Build.0 = Debug|Any CPU
		{212A46FA-138E-4D83-BB95-4BCD5A94747C}.Release|Any CPU.ActiveCfg = Release|Any CPU
		{212A46FA-138E-4D83-BB95-4BCD5A94747C}.Release|Any CPU.Build.0 = Release|Any CPU
		{FB6A29CF-CD53-40A8-BE05-D762E1E5B20C}.Debug|Any CPU.ActiveCfg = Debug|Any CPU
		{FB6A29CF-CD53-40A8-BE05-D762E1E5B20C}.Debug|Any CPU.Build.0 = Debug|Any CPU
		{FB6A29CF-CD53-40A8-BE05-D762E1E5B20C}.Release|Any CPU.ActiveCfg = Release|Any CPU
		{FB6A29CF-CD53-40A8-BE05-D762E1E5B20C}.Release|Any CPU.Build.0 = Release|Any CPU
		{1DCB996C-FEBC-4D05-AD97-8C40A1BD205B}.Debug|Any CPU.ActiveCfg = Debug|Any CPU
		{1DCB996C-FEBC-4D05-AD97-8C40A1BD205B}.Debug|Any CPU.Build.0 = Debug|Any CPU
		{1DCB996C-FEBC-4D05-AD97-8C40A1BD205B}.Release|Any CPU.ActiveCfg = Release|Any CPU
		{1DCB996C-FEBC-4D05-AD97-8C40A1BD205B}.Release|Any CPU.Build.0 = Release|Any CPU
		{C3F8D896-BED4-4DFC-9157-06DDE8B1B189}.Debug|Any CPU.ActiveCfg = Debug|Any CPU
		{C3F8D896-BED4-4DFC-9157-06DDE8B1B189}.Debug|Any CPU.Build.0 = Debug|Any CPU
		{C3F8D896-BED4-4DFC-9157-06DDE8B1B189}.Release|Any CPU.ActiveCfg = Release|Any CPU
		{C3F8D896-BED4-4DFC-9157-06DDE8B1B189}.Release|Any CPU.Build.0 = Release|Any CPU
		{93369775-B9F0-4163-8DC8-36D7A6220D71}.Debug|Any CPU.ActiveCfg = Debug|Any CPU
		{93369775-B9F0-4163-8DC8-36D7A6220D71}.Debug|Any CPU.Build.0 = Debug|Any CPU
		{93369775-B9F0-4163-8DC8-36D7A6220D71}.Release|Any CPU.ActiveCfg = Release|Any CPU
		{93369775-B9F0-4163-8DC8-36D7A6220D71}.Release|Any CPU.Build.0 = Release|Any CPU
		{9311A892-99B4-487E-ABCA-29CAC0A47D3C}.Debug|Any CPU.ActiveCfg = Debug|Any CPU
		{9311A892-99B4-487E-ABCA-29CAC0A47D3C}.Debug|Any CPU.Build.0 = Debug|Any CPU
		{9311A892-99B4-487E-ABCA-29CAC0A47D3C}.Release|Any CPU.ActiveCfg = Release|Any CPU
		{9311A892-99B4-487E-ABCA-29CAC0A47D3C}.Release|Any CPU.Build.0 = Release|Any CPU
		{BB7EA970-1418-4753-9602-AEE999D97F73}.Debug|Any CPU.ActiveCfg = Debug|Any CPU
		{BB7EA970-1418-4753-9602-AEE999D97F73}.Debug|Any CPU.Build.0 = Debug|Any CPU
		{BB7EA970-1418-4753-9602-AEE999D97F73}.Release|Any CPU.ActiveCfg = Release|Any CPU
		{BB7EA970-1418-4753-9602-AEE999D97F73}.Release|Any CPU.Build.0 = Release|Any CPU
		{951B351D-FA27-4DF1-A6D1-1BB32BB0A098}.Debug|Any CPU.ActiveCfg = Debug|Any CPU
		{951B351D-FA27-4DF1-A6D1-1BB32BB0A098}.Debug|Any CPU.Build.0 = Debug|Any CPU
		{951B351D-FA27-4DF1-A6D1-1BB32BB0A098}.Release|Any CPU.ActiveCfg = Release|Any CPU
		{951B351D-FA27-4DF1-A6D1-1BB32BB0A098}.Release|Any CPU.Build.0 = Release|Any CPU
		{D1EF3E7C-6DB4-4E8E-AB70-89869464EC87}.Debug|Any CPU.ActiveCfg = Debug|Any CPU
		{D1EF3E7C-6DB4-4E8E-AB70-89869464EC87}.Debug|Any CPU.Build.0 = Debug|Any CPU
		{D1EF3E7C-6DB4-4E8E-AB70-89869464EC87}.Release|Any CPU.ActiveCfg = Release|Any CPU
		{D1EF3E7C-6DB4-4E8E-AB70-89869464EC87}.Release|Any CPU.Build.0 = Release|Any CPU
		{C3BDF742-6AD6-4DED-A573-1DAC5428D7A1}.Debug|Any CPU.ActiveCfg = Debug|Any CPU
		{C3BDF742-6AD6-4DED-A573-1DAC5428D7A1}.Debug|Any CPU.Build.0 = Debug|Any CPU
		{C3BDF742-6AD6-4DED-A573-1DAC5428D7A1}.Release|Any CPU.ActiveCfg = Release|Any CPU
		{C3BDF742-6AD6-4DED-A573-1DAC5428D7A1}.Release|Any CPU.Build.0 = Release|Any CPU
		{7BD9A6DE-B2ED-49ED-A29A-34946DC90E05}.Debug|Any CPU.ActiveCfg = Debug|Any CPU
		{7BD9A6DE-B2ED-49ED-A29A-34946DC90E05}.Debug|Any CPU.Build.0 = Debug|Any CPU
		{7BD9A6DE-B2ED-49ED-A29A-34946DC90E05}.Release|Any CPU.ActiveCfg = Release|Any CPU
		{7BD9A6DE-B2ED-49ED-A29A-34946DC90E05}.Release|Any CPU.Build.0 = Release|Any CPU
		{C9087BC5-D546-4BAE-9AD5-8BA8D5331B8C}.Debug|Any CPU.ActiveCfg = Debug|Any CPU
		{C9087BC5-D546-4BAE-9AD5-8BA8D5331B8C}.Debug|Any CPU.Build.0 = Debug|Any CPU
		{C9087BC5-D546-4BAE-9AD5-8BA8D5331B8C}.Release|Any CPU.ActiveCfg = Release|Any CPU
		{C9087BC5-D546-4BAE-9AD5-8BA8D5331B8C}.Release|Any CPU.Build.0 = Release|Any CPU
		{00E59363-DF46-4E2C-8C38-09F7BC911677}.Debug|Any CPU.ActiveCfg = Debug|Any CPU
		{00E59363-DF46-4E2C-8C38-09F7BC911677}.Debug|Any CPU.Build.0 = Debug|Any CPU
		{00E59363-DF46-4E2C-8C38-09F7BC911677}.Release|Any CPU.ActiveCfg = Release|Any CPU
		{00E59363-DF46-4E2C-8C38-09F7BC911677}.Release|Any CPU.Build.0 = Release|Any CPU
		{579A8D3E-2947-40B3-B210-763800A91B88}.Debug|Any CPU.ActiveCfg = Debug|Any CPU
		{579A8D3E-2947-40B3-B210-763800A91B88}.Debug|Any CPU.Build.0 = Debug|Any CPU
		{579A8D3E-2947-40B3-B210-763800A91B88}.Release|Any CPU.ActiveCfg = Release|Any CPU
		{579A8D3E-2947-40B3-B210-763800A91B88}.Release|Any CPU.Build.0 = Release|Any CPU
		{CCBA19F4-1C88-49E9-85CF-867F33E03EEB}.Debug|Any CPU.ActiveCfg = Debug|Any CPU
		{CCBA19F4-1C88-49E9-85CF-867F33E03EEB}.Debug|Any CPU.Build.0 = Debug|Any CPU
		{CCBA19F4-1C88-49E9-85CF-867F33E03EEB}.Release|Any CPU.ActiveCfg = Release|Any CPU
		{CCBA19F4-1C88-49E9-85CF-867F33E03EEB}.Release|Any CPU.Build.0 = Release|Any CPU
		{A6D9B1E2-10D3-4C1C-BD9F-4BB8919BDD2E}.Debug|Any CPU.ActiveCfg = Debug|Any CPU
		{A6D9B1E2-10D3-4C1C-BD9F-4BB8919BDD2E}.Debug|Any CPU.Build.0 = Debug|Any CPU
		{A6D9B1E2-10D3-4C1C-BD9F-4BB8919BDD2E}.Release|Any CPU.ActiveCfg = Release|Any CPU
		{A6D9B1E2-10D3-4C1C-BD9F-4BB8919BDD2E}.Release|Any CPU.Build.0 = Release|Any CPU
		{CB84B45D-7EB2-4AFD-A247-069E9D0CFDE8}.Debug|Any CPU.ActiveCfg = Debug|Any CPU
		{CB84B45D-7EB2-4AFD-A247-069E9D0CFDE8}.Debug|Any CPU.Build.0 = Debug|Any CPU
		{CB84B45D-7EB2-4AFD-A247-069E9D0CFDE8}.Release|Any CPU.ActiveCfg = Release|Any CPU
		{CB84B45D-7EB2-4AFD-A247-069E9D0CFDE8}.Release|Any CPU.Build.0 = Release|Any CPU
		{3DFE71CD-87A0-45C6-8EFC-681EE376E367}.Debug|Any CPU.ActiveCfg = Debug|Any CPU
		{3DFE71CD-87A0-45C6-8EFC-681EE376E367}.Debug|Any CPU.Build.0 = Debug|Any CPU
		{3DFE71CD-87A0-45C6-8EFC-681EE376E367}.Release|Any CPU.ActiveCfg = Release|Any CPU
		{3DFE71CD-87A0-45C6-8EFC-681EE376E367}.Release|Any CPU.Build.0 = Release|Any CPU
		{CFDA9D26-449D-40DF-81CD-FFEA0862CB7D}.Debug|Any CPU.ActiveCfg = Debug|Any CPU
		{CFDA9D26-449D-40DF-81CD-FFEA0862CB7D}.Debug|Any CPU.Build.0 = Debug|Any CPU
		{CFDA9D26-449D-40DF-81CD-FFEA0862CB7D}.Release|Any CPU.ActiveCfg = Release|Any CPU
		{CFDA9D26-449D-40DF-81CD-FFEA0862CB7D}.Release|Any CPU.Build.0 = Release|Any CPU
		{8289BC8D-FC2A-41CE-A726-CDD4B367D898}.Debug|Any CPU.ActiveCfg = Debug|Any CPU
		{8289BC8D-FC2A-41CE-A726-CDD4B367D898}.Debug|Any CPU.Build.0 = Debug|Any CPU
		{8289BC8D-FC2A-41CE-A726-CDD4B367D898}.Release|Any CPU.ActiveCfg = Release|Any CPU
		{8289BC8D-FC2A-41CE-A726-CDD4B367D898}.Release|Any CPU.Build.0 = Release|Any CPU
		{2914AE80-8184-4DCF-8933-68EBA0293125}.Debug|Any CPU.ActiveCfg = Debug|Any CPU
		{2914AE80-8184-4DCF-8933-68EBA0293125}.Debug|Any CPU.Build.0 = Debug|Any CPU
		{2914AE80-8184-4DCF-8933-68EBA0293125}.Release|Any CPU.ActiveCfg = Release|Any CPU
		{2914AE80-8184-4DCF-8933-68EBA0293125}.Release|Any CPU.Build.0 = Release|Any CPU
		{F408AD68-4B22-46B1-A8AE-62C7A48DD24D}.Debug|Any CPU.ActiveCfg = Debug|Any CPU
		{F408AD68-4B22-46B1-A8AE-62C7A48DD24D}.Debug|Any CPU.Build.0 = Debug|Any CPU
		{F408AD68-4B22-46B1-A8AE-62C7A48DD24D}.Release|Any CPU.ActiveCfg = Release|Any CPU
		{F408AD68-4B22-46B1-A8AE-62C7A48DD24D}.Release|Any CPU.Build.0 = Release|Any CPU
		{967E95CF-A05B-4014-B2FC-C3A4D928DB52}.Debug|Any CPU.ActiveCfg = Debug|Any CPU
		{967E95CF-A05B-4014-B2FC-C3A4D928DB52}.Debug|Any CPU.Build.0 = Debug|Any CPU
		{967E95CF-A05B-4014-B2FC-C3A4D928DB52}.Release|Any CPU.ActiveCfg = Release|Any CPU
		{967E95CF-A05B-4014-B2FC-C3A4D928DB52}.Release|Any CPU.Build.0 = Release|Any CPU
		{6504DEE0-0B5E-4C32-8486-99AF5C787395}.Debug|Any CPU.ActiveCfg = Debug|Any CPU
		{6504DEE0-0B5E-4C32-8486-99AF5C787395}.Debug|Any CPU.Build.0 = Debug|Any CPU
		{6504DEE0-0B5E-4C32-8486-99AF5C787395}.Release|Any CPU.ActiveCfg = Release|Any CPU
		{6504DEE0-0B5E-4C32-8486-99AF5C787395}.Release|Any CPU.Build.0 = Release|Any CPU
		{87AA99D7-5127-49FC-BF39-4D0AC41F94B0}.Debug|Any CPU.ActiveCfg = Debug|Any CPU
		{87AA99D7-5127-49FC-BF39-4D0AC41F94B0}.Debug|Any CPU.Build.0 = Debug|Any CPU
		{87AA99D7-5127-49FC-BF39-4D0AC41F94B0}.Release|Any CPU.ActiveCfg = Release|Any CPU
		{87AA99D7-5127-49FC-BF39-4D0AC41F94B0}.Release|Any CPU.Build.0 = Release|Any CPU
	EndGlobalSection
	GlobalSection(SolutionProperties) = preSolution
		HideSolutionNode = FALSE
	EndGlobalSection
	GlobalSection(NestedProjects) = preSolution
		{0E5745F3-E833-4F81-B2E9-1FCF2B70CFF3} = {E8620ACC-318D-4407-937A-B9487493C3F7}
		{576531C8-13BD-4143-8CEC-B89FE5EE5ED7} = {0E5745F3-E833-4F81-B2E9-1FCF2B70CFF3}
		{212A46FA-138E-4D83-BB95-4BCD5A94747C} = {0E5745F3-E833-4F81-B2E9-1FCF2B70CFF3}
		{FB6A29CF-CD53-40A8-BE05-D762E1E5B20C} = {0E5745F3-E833-4F81-B2E9-1FCF2B70CFF3}
		{1DCB996C-FEBC-4D05-AD97-8C40A1BD205B} = {0E5745F3-E833-4F81-B2E9-1FCF2B70CFF3}
		{ED72E084-CA40-404D-A5AB-CF1BFCFF1112} = {E8620ACC-318D-4407-937A-B9487493C3F7}
		{C3F8D896-BED4-4DFC-9157-06DDE8B1B189} = {ED72E084-CA40-404D-A5AB-CF1BFCFF1112}
		{93369775-B9F0-4163-8DC8-36D7A6220D71} = {ED72E084-CA40-404D-A5AB-CF1BFCFF1112}
		{9311A892-99B4-487E-ABCA-29CAC0A47D3C} = {ED72E084-CA40-404D-A5AB-CF1BFCFF1112}
		{BB7EA970-1418-4753-9602-AEE999D97F73} = {ED72E084-CA40-404D-A5AB-CF1BFCFF1112}
		{4A4FFDDB-FCCB-4DF1-BD3A-6D2440AE5725} = {E8620ACC-318D-4407-937A-B9487493C3F7}
		{951B351D-FA27-4DF1-A6D1-1BB32BB0A098} = {4A4FFDDB-FCCB-4DF1-BD3A-6D2440AE5725}
		{D1EF3E7C-6DB4-4E8E-AB70-89869464EC87} = {4A4FFDDB-FCCB-4DF1-BD3A-6D2440AE5725}
		{C3BDF742-6AD6-4DED-A573-1DAC5428D7A1} = {4A4FFDDB-FCCB-4DF1-BD3A-6D2440AE5725}
		{7BD9A6DE-B2ED-49ED-A29A-34946DC90E05} = {4A4FFDDB-FCCB-4DF1-BD3A-6D2440AE5725}
		{C19F6754-D042-43A7-A20F-D3E44120D7FC} = {E8620ACC-318D-4407-937A-B9487493C3F7}
		{C9087BC5-D546-4BAE-9AD5-8BA8D5331B8C} = {C19F6754-D042-43A7-A20F-D3E44120D7FC}
		{95F7BACB-6AC7-4B05-942C-0CF458A1D320} = {E8620ACC-318D-4407-937A-B9487493C3F7}
		{579A8D3E-2947-40B3-B210-763800A91B88} = {95F7BACB-6AC7-4B05-942C-0CF458A1D320}
		{CCBA19F4-1C88-49E9-85CF-867F33E03EEB} = {95F7BACB-6AC7-4B05-942C-0CF458A1D320}
		{A6D9B1E2-10D3-4C1C-BD9F-4BB8919BDD2E} = {95F7BACB-6AC7-4B05-942C-0CF458A1D320}
		{CB84B45D-7EB2-4AFD-A247-069E9D0CFDE8} = {95F7BACB-6AC7-4B05-942C-0CF458A1D320}
		{F0608462-F62A-48E6-982F-E336DE3F427B} = {E8620ACC-318D-4407-937A-B9487493C3F7}
		{3DFE71CD-87A0-45C6-8EFC-681EE376E367} = {F0608462-F62A-48E6-982F-E336DE3F427B}
		{CFDA9D26-449D-40DF-81CD-FFEA0862CB7D} = {F0608462-F62A-48E6-982F-E336DE3F427B}
		{8289BC8D-FC2A-41CE-A726-CDD4B367D898} = {F0608462-F62A-48E6-982F-E336DE3F427B}
		{2914AE80-8184-4DCF-8933-68EBA0293125} = {F0608462-F62A-48E6-982F-E336DE3F427B}
		{F408AD68-4B22-46B1-A8AE-62C7A48DD24D} = {C19F6754-D042-43A7-A20F-D3E44120D7FC}
		{967E95CF-A05B-4014-B2FC-C3A4D928DB52} = {C19F6754-D042-43A7-A20F-D3E44120D7FC}
		{21DE1370-CA7C-4AAF-9854-71BF19DA0AB0} = {E8620ACC-318D-4407-937A-B9487493C3F7}
		{6504DEE0-0B5E-4C32-8486-99AF5C787395} = {21DE1370-CA7C-4AAF-9854-71BF19DA0AB0}
		{87AA99D7-5127-49FC-BF39-4D0AC41F94B0} = {C19F6754-D042-43A7-A20F-D3E44120D7FC}
	EndGlobalSection
	GlobalSection(ExtensibilityGlobals) = postSolution
		SolutionGuid = {589FA458-25E4-40A4-B33F-AA10884CBA29}
	EndGlobalSection
EndGlobal
